
Microsoft Visual Studio Solution File, Format Version 12.00
# Visual Studio Version 16
VisualStudioVersion = 16.0.31702.278
MinimumVisualStudioVersion = 10.0.40219.1
Project("{9A19103F-16F7-4668-BE54-9A1E7A4F7556}") = "MediaDuplicateSeperator", "MediaDuplicateSeperator\MediaDuplicateSeperator.csproj", "{B6F6D96C-5F09-4ABD-BAB6-BD2F4B5061FE}"
EndProject
Project("{9A19103F-16F7-4668-BE54-9A1E7A4F7556}") = "DemoConsole", "DemoConsole\DemoConsole.csproj", "{0578DB68-A8F5-4A65-865B-EB8E36437925}"
EndProject
Global
	GlobalSection(SolutionConfigurationPlatforms) = preSolution
		Debug|Any CPU = Debug|Any CPU
		Debug|x64 = Debug|x64
		Debug|x86 = Debug|x86
		Release|Any CPU = Release|Any CPU
		Release|x64 = Release|x64
		Release|x86 = Release|x86
	EndGlobalSection
	GlobalSection(ProjectConfigurationPlatforms) = postSolution
		{B6F6D96C-5F09-4ABD-BAB6-BD2F4B5061FE}.Debug|Any CPU.ActiveCfg = Debug|Any CPU
		{B6F6D96C-5F09-4ABD-BAB6-BD2F4B5061FE}.Debug|Any CPU.Build.0 = Debug|Any CPU
		{B6F6D96C-5F09-4ABD-BAB6-BD2F4B5061FE}.Debug|x64.ActiveCfg = Debug|Any CPU
		{B6F6D96C-5F09-4ABD-BAB6-BD2F4B5061FE}.Debug|x64.Build.0 = Debug|Any CPU
		{B6F6D96C-5F09-4ABD-BAB6-BD2F4B5061FE}.Debug|x86.ActiveCfg = Debug|Any CPU
		{B6F6D96C-5F09-4ABD-BAB6-BD2F4B5061FE}.Debug|x86.Build.0 = Debug|Any CPU
		{B6F6D96C-5F09-4ABD-BAB6-BD2F4B5061FE}.Release|Any CPU.ActiveCfg = Release|Any CPU
		{B6F6D96C-5F09-4ABD-BAB6-BD2F4B5061FE}.Release|Any CPU.Build.0 = Release|Any CPU
		{B6F6D96C-5F09-4ABD-BAB6-BD2F4B5061FE}.Release|x64.ActiveCfg = Release|x64
		{B6F6D96C-5F09-4ABD-BAB6-BD2F4B5061FE}.Release|x64.Build.0 = Release|x64
		{B6F6D96C-5F09-4ABD-BAB6-BD2F4B5061FE}.Release|x86.ActiveCfg = Release|x86
		{B6F6D96C-5F09-4ABD-BAB6-BD2F4B5061FE}.Release|x86.Build.0 = Release|x86
		{0578DB68-A8F5-4A65-865B-EB8E36437925}.Debug|Any CPU.ActiveCfg = Debug|Any CPU
		{0578DB68-A8F5-4A65-865B-EB8E36437925}.Debug|Any CPU.Build.0 = Debug|Any CPU
		{0578DB68-A8F5-4A65-865B-EB8E36437925}.Debug|x64.ActiveCfg = Debug|Any CPU
		{0578DB68-A8F5-4A65-865B-EB8E36437925}.Debug|x64.Build.0 = Debug|Any CPU
		{0578DB68-A8F5-4A65-865B-EB8E36437925}.Debug|x86.ActiveCfg = Debug|Any CPU
		{0578DB68-A8F5-4A65-865B-EB8E36437925}.Debug|x86.Build.0 = Debug|Any CPU
		{0578DB68-A8F5-4A65-865B-EB8E36437925}.Release|Any CPU.ActiveCfg = Release|Any CPU
		{0578DB68-A8F5-4A65-865B-EB8E36437925}.Release|Any CPU.Build.0 = Release|Any CPU
		{0578DB68-A8F5-4A65-865B-EB8E36437925}.Release|x64.ActiveCfg = Release|x64
		{0578DB68-A8F5-4A65-865B-EB8E36437925}.Release|x64.Build.0 = Release|x64
		{0578DB68-A8F5-4A65-865B-EB8E36437925}.Release|x86.ActiveCfg = Release|x86
		{0578DB68-A8F5-4A65-865B-EB8E36437925}.Release|x86.Build.0 = Release|x86
	EndGlobalSection
	GlobalSection(SolutionProperties) = preSolution
		HideSolutionNode = FALSE
	EndGlobalSection
	GlobalSection(ExtensibilityGlobals) = postSolution
		SolutionGuid = {079B1366-878F-4611-AC00-ACFDD73E643E}
	EndGlobalSection
EndGlobal
